Microsoft Visual Studio Solution File, Format Version 12.00
# Visual Studio Version 17
VisualStudioVersion = 17.5.2.0
MinimumVisualStudioVersion = 10.0.40219.1
Project("{FAE04EC0-301F-11D3-BF4B-00C04F79EFBC}") = "ShiftsLoggerV2.RyanW84", "ShiftsLoggerV2.RyanW84.csproj", "{A734597D-5912-CDC9-1673-5DF3DF5D73B5}"
EndProject
Global
	GlobalSection(SolutionConfigurationPlatforms) = preSolution
		Debug|Any CPU = Debug|Any CPU
		Release|Any CPU = Release|Any CPU
	EndGlobalSection
	GlobalSection(ProjectConfigurationPlatforms) = postSolution
		{A734597D-5912-CDC9-1673-5DF3DF5D73B5}.Debug|Any CPU.ActiveCfg = Debug|Any CPU
		{A734597D-5912-CDC9-1673-5DF3DF5D73B5}.Debug|Any CPU.Build.0 = Debug|Any CPU
		{A734597D-5912-CDC9-1673-5DF3DF5D73B5}.Release|Any CPU.ActiveCfg = Release|Any CPU
		{A734597D-5912-CDC9-1673-5DF3DF5D73B5}.Release|Any CPU.Build.0 = Release|Any CPU
	EndGlobalSection
	GlobalSection(SolutionProperties) = preSolution
		HideSolutionNode = FALSE
	EndGlobalSection
	GlobalSection(ExtensibilityGlobals) = postSolution
		SolutionGuid = {7B045641-19EE-45A6-9ACD-6311F3CD8797}
	EndGlobalSection
EndGlobal
